
Microsoft Visual Studio Solution File, Format Version 12.00
# Visual Studio Version 17
VisualStudioVersion = 17.6.33712.159
MinimumVisualStudioVersion = 10.0.40219.1
Project("{8BC9CEB8-8B4A-11D0-8D11-00A0C91BC942}") = "Minecraft dat editor", "Minecraft dat editor\Minecraft dat editor.vcxproj", "{9D3472EC-A7C8-446A-AC22-BCAEEAFBB8EB}"
EndProject
Global
	GlobalSection(SolutionConfigurationPlatforms) = preSolution
		Debug|x64 = Debug|x64
		Debug|x86 = Debug|x86
		Release|x64 = Release|x64
		Release|x86 = Release|x86
	EndGlobalSection
	GlobalSection(ProjectConfigurationPlatforms) = postSolution
		{9D3472EC-A7C8-446A-AC22-BCAEEAFBB8EB}.Debug|x64.ActiveCfg = Debug|x64
		{9D3472EC-A7C8-446A-AC22-BCAEEAFBB8EB}.Debug|x64.Build.0 = Debug|x64
		{9D3472EC-A7C8-446A-AC22-BCAEEAFBB8EB}.Debug|x86.ActiveCfg = Debug|Win32
		{9D3472EC-A7C8-446A-AC22-BCAEEAFBB8EB}.Debug|x86.Build.0 = Debug|Win32
		{9D3472EC-A7C8-446A-AC22-BCAEEAFBB8EB}.Release|x64.ActiveCfg = Release|x64
		{9D3472EC-A7C8-446A-AC22-BCAEEAFBB8EB}.Release|x64.Build.0 = Release|x64
		{9D3472EC-A7C8-446A-AC22-BCAEEAFBB8EB}.Release|x86.ActiveCfg = Release|Win32
		{9D3472EC-A7C8-446A-AC22-BCAEEAFBB8EB}.Release|x86.Build.0 = Release|Win32
	EndGlobalSection
	GlobalSection(SolutionProperties) = preSolution
		HideSolutionNode = FALSE
	EndGlobalSection
	GlobalSection(ExtensibilityGlobals) = postSolution
		SolutionGuid = {4DB83A86-10B2-4E04-B4AB-1A0882CF68E1}
	EndGlobalSection
EndGlobal
